
Microsoft Visual Studio Solution File, Format Version 11.00
# Visual Studio 2010
Project("{2150E333-8FDC-42A3-9474-1A3956D46DE8}") = "Solution Items", "Solution Items", "{A7BB8170-C302-4BED-A57C-1B11A1BAD289}"
	ProjectSection(SolutionItems) = preProject
		compile.bat = compile.bat
		demo.htm = demo.htm
		demosrc.htm = demosrc.htm
		demosrc2.htm = demosrc2.htm
		externs.js = externs.js
		README.txt = README.txt
		release.bat = release.bat
	EndProjectSection
EndProject
Project("{2150E333-8FDC-42A3-9474-1A3956D46DE8}") = "src", "src", "{04519C84-4BF8-437D-BE06-326A43249B9D}"
	ProjectSection(SolutionItems) = preProject
		src\deps.js = src\deps.js
		src\jquery-1.3.2.externs.js = src\jquery-1.3.2.externs.js
		src\requirements.js = src\requirements.js
	EndProjectSection
EndProject
Project("{2150E333-8FDC-42A3-9474-1A3956D46DE8}") = "tests", "tests", "{491C0DD4-7B2E-4770-842A-D401F94CB3EE}"
	ProjectSection(SolutionItems) = preProject
		tests\SearchEngineTests.html = tests\SearchEngineTests.html
	EndProjectSection
EndProject
Project("{2150E333-8FDC-42A3-9474-1A3956D46DE8}") = "picnet", "picnet", "{8515BBBA-3595-47C8-9B19-B6BC3EE6B8F4}"
EndProject
Project("{2150E333-8FDC-42A3-9474-1A3956D46DE8}") = "ui", "ui", "{1B65FA36-68A9-4249-9DED-88F8002F526E}"
EndProject
Project("{2150E333-8FDC-42A3-9474-1A3956D46DE8}") = "filter", "filter", "{A4172A98-161A-4B22-BB5B-62C0DD1CE9D2}"
	ProjectSection(SolutionItems) = preProject
		src\picnet\ui\filter\FilterState.js = src\picnet\ui\filter\FilterState.js
		src\picnet\ui\filter\GenericListFilter.js = src\picnet\ui\filter\GenericListFilter.js
		src\picnet\ui\filter\GenericListFilterOptions.js = src\picnet\ui\filter\GenericListFilterOptions.js
		src\picnet\ui\filter\jQueryPlugin.js = src\picnet\ui\filter\jQueryPlugin.js
		src\picnet\ui\filter\SearchEngine.js = src\picnet\ui\filter\SearchEngine.js
		src\picnet\ui\filter\TableFilter.js = src\picnet\ui\filter\TableFilter.js
		src\picnet\ui\filter\TableFilterOptions.js = src\picnet\ui\filter\TableFilterOptions.js
	EndProjectSection
EndProject
Project("{2150E333-8FDC-42A3-9474-1A3956D46DE8}") = "lib", "lib", "{E675B01B-C5B9-43F7-8902-02044003CC68}"
	ProjectSection(SolutionItems) = preProject
		lib\7za.exe = lib\7za.exe
		lib\7zip license.txt = lib\7zip license.txt
		lib\compiler.jar = lib\compiler.jar
		lib\google_closure_compiler.jar = lib\google_closure_compiler.jar
	EndProjectSection
EndProject
Global
	GlobalSection(SolutionProperties) = preSolution
		HideSolutionNode = FALSE
	EndGlobalSection
	GlobalSection(NestedProjects) = preSolution
		{04519C84-4BF8-437D-BE06-326A43249B9D} = {A7BB8170-C302-4BED-A57C-1B11A1BAD289}
		{491C0DD4-7B2E-4770-842A-D401F94CB3EE} = {A7BB8170-C302-4BED-A57C-1B11A1BAD289}
		{8515BBBA-3595-47C8-9B19-B6BC3EE6B8F4} = {04519C84-4BF8-437D-BE06-326A43249B9D}
		{1B65FA36-68A9-4249-9DED-88F8002F526E} = {8515BBBA-3595-47C8-9B19-B6BC3EE6B8F4}
		{A4172A98-161A-4B22-BB5B-62C0DD1CE9D2} = {1B65FA36-68A9-4249-9DED-88F8002F526E}
	EndGlobalSection
EndGlobal
